// !$*UTF8*$!
{
	archiveVersion = 1;
	classes = {
	};
	objectVersion = 46;
	objects = {

/* Begin PBXBuildFile section */
		AA2E38AA1ACCB30B0076FEC7 /* main.m in Sources */ = {isa = PBXBuildFile; fileRef = AA2E38A91ACCB30B0076FEC7 /* main.m */; };
		AA2E38AD1ACCB30B0076FEC7 /* AppDelegate.m in Sources */ = {isa = PBXBuildFile; fileRef = AA2E38AC1ACCB30B0076FEC7 /* AppDelegate.m */; };
		AA2E38B01ACCB30B0076FEC7 /* ViewController.m in Sources */ = {isa = PBXBuildFile; fileRef = AA2E38AF1ACCB30B0076FEC7 /* ViewController.m */; };
		AA2E38B31ACCB30B0076FEC7 /* Main.storyboard in Resources */ = {isa = PBXBuildFile; fileRef = AA2E38B11ACCB30B0076FEC7 /* Main.storyboard */; };
		AA2E38B81ACCB30B0076FEC7 /* LaunchScreen.xib in Resources */ = {isa = PBXBuildFile; fileRef = AA2E38B61ACCB30B0076FEC7 /* LaunchScreen.xib */; };
		AA6772351DDE8B6B0012C8C0 /* style.json in Resources */ = {isa = PBXBuildFile; fileRef = AA6772341DDE8B6B0012C8C0 /* style.json */; };
		F7BDD4C27A9F22B53C0DD24F /* libPods-MovingMarkerPosition.a in Frameworks */ = {isa = PBXBuildFile; fileRef = 982E64211D68F3AA01B2349F /* libPods-MovingMarkerPosition.a */; };
/* End PBXBuildFile section */

/* Begin PBXFileReference section */
		02A072302354FE05198CA47A /* Pods-MovingMarkerPosition.release.xcconfig */ = {isa = PBXFileReference; includeInIndex = 1; lastKnownFileType = text.xcconfig; name = "Pods-MovingMarkerPosition.release.xcconfig"; path = "Pods/Target Support Files/Pods-MovingMarkerPosition/Pods-MovingMarkerPosition.release.xcconfig"; sourceTree = "<group>"; };
		1B97F9238944F525A1AD1395 /* Pods-MovingMarkerPosition.debug.xcconfig */ = {isa = PBXFileReference; includeInIndex = 1; lastKnownFileType = text.xcconfig; name = "Pods-MovingMarkerPosition.debug.xcconfig"; path = "Pods/Target Support Files/Pods-MovingMarkerPosition/Pods-MovingMarkerPosition.debug.xcconfig"; sourceTree = "<group>"; };
		982E64211D68F3AA01B2349F /* libPods-MovingMarkerPosition.a */ = {isa = PBXFileReference; explicitFileType = archive.ar; includeInIndex = 0; path = "libPods-MovingMarkerPosition.a"; sourceTree = BUILT_PRODUCTS_DIR; };
		AA2E38A41ACCB30B0076FEC7 /* MovingMarkerPosition.app */ = {isa = PBXFileReference; explicitFileType = wrapper.application; includeInIndex = 0; path = MovingMarkerPosition.app; sourceTree = BUILT_PRODUCTS_DIR; };
		AA2E38A81ACCB30B0076FEC7 /* Info.plist */ = {isa = PBXFileReference; lastKnownFileType = text.plist.xml; path = Info.plist; sourceTree = "<group>"; };
		AA2E38A91ACCB30B0076FEC7 /* main.m */ = {isa = PBXFileReference; lastKnownFileType = sourcecode.c.objc; path = main.m; sourceTree = "<group>"; };
		AA2E38AB1ACCB30B0076FEC7 /* AppDelegate.h */ = {isa = PBXFileReference; lastKnownFileType = sourcecode.c.h; path = AppDelegate.h; sourceTree = "<group>"; };
		AA2E38AC1ACCB30B0076FEC7 /* AppDelegate.m */ = {isa = PBXFileReference; lastKnownFileType = sourcecode.c.objc; path = AppDelegate.m; sourceTree = "<group>"; };
		AA2E38AE1ACCB30B0076FEC7 /* ViewController.h */ = {isa = PBXFileReference; lastKnownFileType = sourcecode.c.h; path = ViewController.h; sourceTree = "<group>"; };
		AA2E38AF1ACCB30B0076FEC7 /* ViewController.m */ = {isa = PBXFileReference; lastKnownFileType = sourcecode.c.objc; path = ViewController.m; sourceTree = "<group>"; };
		AA2E38B21ACCB30B0076FEC7 /* Base */ = {isa = PBXFileReference; lastKnownFileType = file.storyboard; name = Base; path = Base.lproj/Main.storyboard; sourceTree = "<group>"; };
		AA2E38B71ACCB30B0076FEC7 /* Base */ = {isa = PBXFileReference; lastKnownFileType = file.xib; name = Base; path = Base.lproj/LaunchScreen.xib; sourceTree = "<group>"; };
		AA6772341DDE8B6B0012C8C0 /* style.json */ = {isa = PBXFileReference; fileEncoding = 4; lastKnownFileType = text.json; path = style.json; sourceTree = "<group>"; };
/* End PBXFileReference section */

/* Begin PBXFrameworksBuildPhase section */
		AA2E38A11ACCB30B0076FEC7 /* Frameworks */ = {
			isa = PBXFrameworksBuildPhase;
			buildActionMask = 2147483647;
			files = (
				F7BDD4C27A9F22B53C0DD24F /* libPods-MovingMarkerPosition.a in Frameworks */,
			);
			runOnlyForDeploymentPostprocessing = 0;
		};
/* End PBXFrameworksBuildPhase section */

/* Begin PBXGroup section */
		121B4A5E03A555A3A0BD5A60 /* Frameworks */ = {
			isa = PBXGroup;
			children = (
				982E64211D68F3AA01B2349F /* libPods-MovingMarkerPosition.a */,
			);
			name = Frameworks;
			sourceTree = "<group>";
		};
		4CFF847953CA15244E4C633D /* Pods */ = {
			isa = PBXGroup;
			children = (
				1B97F9238944F525A1AD1395 /* Pods-MovingMarkerPosition.debug.xcconfig */,
				02A072302354FE05198CA47A /* Pods-MovingMarkerPosition.release.xcconfig */,
			);
			name = Pods;
			sourceTree = "<group>";
		};
		AA2E389B1ACCB30B0076FEC7 = {
			isa = PBXGroup;
			children = (
				AA2E38A61ACCB30B0076FEC7 /* MovingMarkerPosition */,
				AA2E38A51ACCB30B0076FEC7 /* Products */,
				4CFF847953CA15244E4C633D /* Pods */,
				121B4A5E03A555A3A0BD5A60 /* Frameworks */,
			);
			sourceTree = "<group>";
		};
		AA2E38A51ACCB30B0076FEC7 /* Products */ = {
			isa = PBXGroup;
			children = (
				AA2E38A41ACCB30B0076FEC7 /* MovingMarkerPosition.app */,
			);
			name = Products;
			sourceTree = "<group>";
		};
		AA2E38A61ACCB30B0076FEC7 /* MovingMarkerPosition */ = {
			isa = PBXGroup;
			children = (
				AA2E38AB1ACCB30B0076FEC7 /* AppDelegate.h */,
				AA2E38AC1ACCB30B0076FEC7 /* AppDelegate.m */,
				AA2E38AE1ACCB30B0076FEC7 /* ViewController.h */,
				AA2E38AF1ACCB30B0076FEC7 /* ViewController.m */,
				AA2E38B11ACCB30B0076FEC7 /* Main.storyboard */,
				AA2E38B61ACCB30B0076FEC7 /* LaunchScreen.xib */,
				AA2E38A71ACCB30B0076FEC7 /* Supporting Files */,
				AA6772341DDE8B6B0012C8C0 /* style.json */,
			);
			path = MovingMarkerPosition;
			sourceTree = "<group>";
		};
		AA2E38A71ACCB30B0076FEC7 /* Supporting Files */ = {
			isa = PBXGroup;
			children = (
				AA2E38A81ACCB30B0076FEC7 /* Info.plist */,
				AA2E38A91ACCB30B0076FEC7 /* main.m */,
			);
			name = "Supporting Files";
			sourceTree = "<group>";
		};
/* End PBXGroup section */

/* Begin PBXNativeTarget section */
		AA2E38A31ACCB30B0076FEC7 /* MovingMarkerPosition */ = {
			isa = PBXNativeTarget;
			buildConfigurationList = AA2E38C71ACCB30B0076FEC7 /* Build configuration list for PBXNativeTarget "MovingMarkerPosition" */;
			buildPhases = (
				75DC42313B61B4E812AB219F /* [CP] Check Pods Manifest.lock */,
				AA2E38A01ACCB30B0076FEC7 /* Sources */,
				AA2E38A11ACCB30B0076FEC7 /* Frameworks */,
				AA2E38A21ACCB30B0076FEC7 /* Resources */,
				F1C17761D3444DF6A2F75725 /* [CP] Embed Pods Frameworks */,
				A2618B4F76283F27D32D1C6F /* [CP] Copy Pods Resources */,
			);
			buildRules = (
			);
			dependencies = (
			);
			name = MovingMarkerPosition;
			productName = MovingMarkerPosition;
			productReference = AA2E38A41ACCB30B0076FEC7 /* MovingMarkerPosition.app */;
			productType = "com.apple.product-type.application";
		};
/* End PBXNativeTarget section */

/* Begin PBXProject section */
		AA2E389C1ACCB30B0076FEC7 /* Project object */ = {
			isa = PBXProject;
			attributes = {
				LastUpgradeCheck = 0620;
				ORGANIZATIONNAME = "Brett Morgan";
				TargetAttributes = {
					AA2E38A31ACCB30B0076FEC7 = {
						CreatedOnToolsVersion = 6.2;
					};
				};
			};
			buildConfigurationList = AA2E389F1ACCB30B0076FEC7 /* Build configuration list for PBXProject "MovingMarkerPosition" */;
			compatibilityVersion = "Xcode 3.2";
			developmentRegion = English;
			hasScannedForEncodings = 0;
			knownRegions = (
				en,
				Base,
			);
			mainGroup = AA2E389B1ACCB30B0076FEC7;
			productRefGroup = AA2E38A51ACCB30B0076FEC7 /* Products */;
			projectDirPath = "";
			projectRoot = "";
			targets = (
				AA2E38A31ACCB30B0076FEC7 /* MovingMarkerPosition */,
			);
		};
/* End PBXProject section */

/* Begin PBXResourcesBuildPhase section */
		AA2E38A21ACCB30B0076FEC7 /* Resources */ = {
			isa = PBXResourcesBuildPhase;
			buildActionMask = 2147483647;
			files = (
				AA6772351DDE8B6B0012C8C0 /* style.json in Resources */,
				AA2E38B31ACCB30B0076FEC7 /* Main.storyboard in Resources */,
				AA2E38B81ACCB30B0076FEC7 /* LaunchScreen.xib in Resources */,
			);
			runOnlyForDeploymentPostprocessing = 0;
		};
/* End PBXResourcesBuildPhase section */

/* Begin PBXShellScriptBuildPhase section */
		75DC42313B61B4E812AB219F /* [CP] Check Pods Manifest.lock */ = {
			isa = PBXShellScriptBuildPhase;
			buildActionMask = 2147483647;
			files = (
			);
			inputPaths = (
			);
			name = "[CP] Check Pods Manifest.lock";
			outputPaths = (
			);
			runOnlyForDeploymentPostprocessing = 0;
			shellPath = /bin/sh;
			shellScript = "diff \"${PODS_ROOT}/../Podfile.lock\" \"${PODS_ROOT}/Manifest.lock\" > /dev/null\nif [[ $? != 0 ]] ; then\n    cat << EOM\nerror: The sandbox is not in sync with the Podfile.lock. Run 'pod install' or update your CocoaPods installation.\nEOM\n    exit 1\nfi\n";
			showEnvVarsInLog = 0;
		};
		A2618B4F76283F27D32D1C6F /* [CP] Copy Pods Resources */ = {
			isa = PBXShellScriptBuildPhase;
			buildActionMask = 2147483647;
			files = (
			);
			inputPaths = (
			);
			name = "[CP] Copy Pods Resources";
			outputPaths = (
			);
			runOnlyForDeploymentPostprocessing = 0;
			shellPath = /bin/sh;
			shellScript = "\"${SRCROOT}/Pods/Target Support Files/Pods-MovingMarkerPosition/Pods-MovingMarkerPosition-resources.sh\"\n";
			showEnvVarsInLog = 0;
		};
		F1C17761D3444DF6A2F75725 /* [CP] Embed Pods Frameworks */ = {
			isa = PBXShellScriptBuildPhase;
			buildActionMask = 2147483647;
			files = (
			);
			inputPaths = (
			);
			name = "[CP] Embed Pods Frameworks";
			outputPaths = (
			);
			runOnlyForDeploymentPostprocessing = 0;
			shellPath = /bin/sh;
			shellScript = "\"${SRCROOT}/Pods/Target Support Files/Pods-MovingMarkerPosition/Pods-MovingMarkerPosition-frameworks.sh\"\n";
			showEnvVarsInLog = 0;
		};
/* End PBXShellScriptBuildPhase section */

/* Begin PBXSourcesBuildPhase section */
		AA2E38A01ACCB30B0076FEC7 /* Sources */ = {
			isa = PBXSourcesBuildPhase;
			buildActionMask = 2147483647;
			files = (
				AA2E38B01ACCB30B0076FEC7 /* ViewController.m in Sources */,
				AA2E38AD1ACCB30B0076FEC7 /* AppDelegate.m in Sources */,
				AA2E38AA1ACCB30B0076FEC7 /* main.m in Sources */,
			);
			runOnlyForDeploymentPostprocessing = 0;
		};
/* End PBXSourcesBuildPhase section */

/* Begin PBXVariantGroup section */
		AA2E38B11ACCB30B0076FEC7 /* Main.storyboard */ = {
			isa = PBXVariantGroup;
			children = (
				AA2E38B21ACCB30B0076FEC7 /* Base */,
			);
			name = Main.storyboard;
			sourceTree = "<group>";
		};
		AA2E38B61ACCB30B0076FEC7 /* LaunchScreen.xib */ = {
			isa = PBXVariantGroup;
			children = (
				AA2E38B71ACCB30B0076FEC7 /* Base */,
			);
			name = LaunchScreen.xib;
			sourceTree = "<group>";
		};
/* End PBXVariantGroup section */

/* Begin XCBuildConfiguration section */
		AA2E38C51ACCB30B0076FEC7 /* Debug */ = {
			isa = XCBuildConfiguration;
			buildSettings = {
				ALWAYS_SEARCH_USER_PATHS = NO;
				CLANG_CXX_LANGUAGE_STANDARD = "gnu++0x";
				CLANG_CXX_LIBRARY = "libc++";
				CLANG_ENABLE_MODULES = YES;
				CLANG_ENABLE_OBJC_ARC = YES;
				CLANG_WARN_BOOL_CONVERSION = YES;
				CLANG_WARN_CONSTANT_CONVERSION = YES;
				CLANG_WARN_DIRECT_OBJC_ISA_USAGE = YES_ERROR;
				CLANG_WARN_EMPTY_BODY = YES;
				CLANG_WARN_ENUM_CONVERSION = YES;
				CLANG_WARN_INT_CONVERSION = YES;
				CLANG_WARN_OBJC_ROOT_CLASS = YES_ERROR;
				CLANG_WARN_UNREACHABLE_CODE = YES;
				CLANG_WARN__DUPLICATE_METHOD_MATCH = YES;
				"CODE_SIGN_IDENTITY[sdk=iphoneos*]" = "iPhone Developer";
				COPY_PHASE_STRIP = NO;
				ENABLE_STRICT_OBJC_MSGSEND = YES;
				GCC_C_LANGUAGE_STANDARD = gnu99;
				GCC_DYNAMIC_NO_PIC = NO;
				GCC_OPTIMIZATION_LEVEL = 0;
				GCC_PREPROCESSOR_DEFINITIONS = (
					"DEBUG=1",
					"$(inherited)",
				);
				GCC_SYMBOLS_PRIVATE_EXTERN = NO;
				GCC_WARN_64_TO_32_BIT_CONVERSION = YES;
				GCC_WARN_ABOUT_RETURN_TYPE = YES_ERROR;
				GCC_WARN_UNDECLARED_SELECTOR = YES;
				GCC_WARN_UNINITIALIZED_AUTOS = YES_AGGRESSIVE;
				GCC_WARN_UNUSED_FUNCTION = YES;
				GCC_WARN_UNUSED_VARIABLE = YES;
				IPHONEOS_DEPLOYMENT_TARGET = 8.2;
				MTL_ENABLE_DEBUG_INFO = YES;
				ONLY_ACTIVE_ARCH = YES;
				SDKROOT = iphoneos;
				TARGETED_DEVICE_FAMILY = "1,2";
			};
			name = Debug;
		};
		AA2E38C61ACCB30B0076FEC7 /* Release */ = {
			isa = XCBuildConfiguration;
			buildSettings = {
				ALWAYS_SEARCH_USER_PATHS = NO;
				CLANG_CXX_LANGUAGE_STANDARD = "gnu++0x";
				CLANG_CXX_LIBRARY = "libc++";
				CLANG_ENABLE_MODULES = YES;
				CLANG_ENABLE_OBJC_ARC = YES;
				CLANG_WARN_BOOL_CONVERSION = YES;
				CLANG_WARN_CONSTANT_CONVERSION = YES;
				CLANG_WARN_DIRECT_OBJC_ISA_USAGE = YES_ERROR;
				CLANG_WARN_EMPTY_BODY = YES;
				CLANG_WARN_ENUM_CONVERSION = YES;
				CLANG_WARN_INT_CONVERSION = YES;
				CLANG_WARN_OBJC_ROOT_CLASS = YES_ERROR;
				CLANG_WARN_UNREACHABLE_CODE = YES;
				CLANG_WARN__DUPLICATE_METHOD_MATCH = YES;
				"CODE_SIGN_IDENTITY[sdk=iphoneos*]" = "iPhone Developer";
				COPY_PHASE_STRIP = NO;
				ENABLE_NS_ASSERTIONS = NO;
				ENABLE_STRICT_OBJC_MSGSEND = YES;
				GCC_C_LANGUAGE_STANDARD = gnu99;
				GCC_WARN_64_TO_32_BIT_CONVERSION = YES;
				GCC_WARN_ABOUT_RETURN_TYPE = YES_ERROR;
				GCC_WARN_UNDECLARED_SELECTOR = YES;
				GCC_WARN_UNINITIALIZED_AUTOS = YES_AGGRESSIVE;
				GCC_WARN_UNUSED_FUNCTION = YES;
				GCC_WARN_UNUSED_VARIABLE = YES;
				IPHONEOS_DEPLOYMENT_TARGET = 8.2;
				MTL_ENABLE_DEBUG_INFO = NO;
				SDKROOT = iphoneos;
				TARGETED_DEVICE_FAMILY = "1,2";
				VALIDATE_PRODUCT = YES;
			};
			name = Release;
		};
		AA2E38C81ACCB30B0076FEC7 /* Debug */ = {
			isa = XCBuildConfiguration;
			baseConfigurationReference = 1B97F9238944F525A1AD1395 /* Pods-MovingMarkerPosition.debug.xcconfig */;
			buildSettings = {
				ASSETCATALOG_COMPILER_APPICON_NAME = AppIcon;
				INFOPLIST_FILE = MovingMarkerPosition/Info.plist;
				LD_RUNPATH_SEARCH_PATHS = "$(inherited) @executable_path/Frameworks";
				PRODUCT_NAME = "$(TARGET_NAME)";
			};
			name = Debug;
		};
		AA2E38C91ACCB30B0076FEC7 /* Release */ = {
			isa = XCBuildConfiguration;
			baseConfigurationReference = 02A072302354FE05198CA47A /* Pods-MovingMarkerPosition.release.xcconfig */;
			buildSettings = {
				ASSETCATALOG_COMPILER_APPICON_NAME = AppIcon;
				INFOPLIST_FILE = MovingMarkerPosition/Info.plist;
				LD_RUNPATH_SEARCH_PATHS = "$(inherited) @executable_path/Frameworks";
				PRODUCT_NAME = "$(TARGET_NAME)";
			};
			name = Release;
		};
/* End XCBuildConfiguration section */

/* Begin XCConfigurationList section */
		AA2E389F1ACCB30B0076FEC7 /* Build configuration list for PBXProject "MovingMarkerPosition" */ = {
			isa = XCConfigurationList;
			buildConfigurations = (
				AA2E38C51ACCB30B0076FEC7 /* Debug */,
				AA2E38C61ACCB30B0076FEC7 /* Release */,
			);
			defaultConfigurationIsVisible = 0;
			defaultConfigurationName = Release;
		};
		AA2E38C71ACCB30B0076FEC7 /* Build configuration list for PBXNativeTarget "MovingMarkerPosition" */ = {
			isa = XCConfigurationList;
			buildConfigurations = (
				AA2E38C81ACCB30B0076FEC7 /* Debug */,
				AA2E38C91ACCB30B0076FEC7 /* Release */,
			);
			defaultConfigurationIsVisible = 0;
			defaultConfigurationName = Release;
		};
/* End XCConfigurationList section */
	};
	rootObject = AA2E389C1ACCB30B0076FEC7 /* Project object */;
}
